// !$*UTF8*$!
{
	archiveVersion = 1;
	classes = {
	};
	objectVersion = 46;
	objects = {

/* Begin PBXBuildFile section */
		1EFDE6691C2A972F00AA8C90 /* main.m in Sources */ = {isa = PBXBuildFile; fileRef = 1EFDE6681C2A972F00AA8C90 /* main.m */; };
		1EFDE66C1C2A972F00AA8C90 /* AppDelegate.m in Sources */ = {isa = PBXBuildFile; fileRef = 1EFDE66B1C2A972F00AA8C90 /* AppDelegate.m */; };
		1EFDE6721C2A972F00AA8C90 /* Main.storyboard in Resources */ = {isa = PBXBuildFile; fileRef = 1EFDE6701C2A972F00AA8C90 /* Main.storyboard */; };
		1EFDE6741C2A972F00AA8C90 /* Assets.xcassets in Resources */ = {isa = PBXBuildFile; fileRef = 1EFDE6731C2A972F00AA8C90 /* Assets.xcassets */; };
		1EFDE6771C2A972F00AA8C90 /* LaunchScreen.storyboard in Resources */ = {isa = PBXBuildFile; fileRef = 1EFDE6751C2A972F00AA8C90 /* LaunchScreen.storyboard */; };
		1EFDE6801C2A9B6A00AA8C90 /* QYLanuchViewController.m in Sources */ = {isa = PBXBuildFile; fileRef = 1EFDE67F1C2A9B6A00AA8C90 /* QYLanuchViewController.m */; };
		1EFDE6861C2A9C2E00AA8C90 /* NSMutableString+TagReplace.m in Sources */ = {isa = PBXBuildFile; fileRef = 1EFDE6831C2A9C2E00AA8C90 /* NSMutableString+TagReplace.m */; };
		1EFDE6871C2A9C2E00AA8C90 /* NSString+WPAttributedMarkup.m in Sources */ = {isa = PBXBuildFile; fileRef = 1EFDE6851C2A9C2E00AA8C90 /* NSString+WPAttributedMarkup.m */; };
		1EFDE68A1C2A9C6500AA8C90 /* UIViewExt.m in Sources */ = {isa = PBXBuildFile; fileRef = 1EFDE6891C2A9C6500AA8C90 /* UIViewExt.m */; };
/* End PBXBuildFile section */

/* Begin PBXFileReference section */
		1EFDE6641C2A972F00AA8C90 /* QYLaunchAnimation.app */ = {isa = PBXFileReference; explicitFileType = wrapper.application; includeInIndex = 0; path = QYLaunchAnimation.app; sourceTree = BUILT_PRODUCTS_DIR; };
		1EFDE6681C2A972F00AA8C90 /* main.m */ = {isa = PBXFileReference; lastKnownFileType = sourcecode.c.objc; path = main.m; sourceTree = "<group>"; };
		1EFDE66A1C2A972F00AA8C90 /* AppDelegate.h */ = {isa = PBXFileReference; lastKnownFileType = sourcecode.c.h; path = AppDelegate.h; sourceTree = "<group>"; };
		1EFDE66B1C2A972F00AA8C90 /* AppDelegate.m */ = {isa = PBXFileReference; lastKnownFileType = sourcecode.c.objc; path = AppDelegate.m; sourceTree = "<group>"; };
		1EFDE6711C2A972F00AA8C90 /* Base */ = {isa = PBXFileReference; lastKnownFileType = file.storyboard; name = Base; path = Base.lproj/Main.storyboard; sourceTree = "<group>"; };
		1EFDE6731C2A972F00AA8C90 /* Assets.xcassets */ = {isa = PBXFileReference; lastKnownFileType = folder.assetcatalog; path = Assets.xcassets; sourceTree = "<group>"; };
		1EFDE6761C2A972F00AA8C90 /* Base */ = {isa = PBXFileReference; lastKnownFileType = file.storyboard; name = Base; path = Base.lproj/LaunchScreen.storyboard; sourceTree = "<group>"; };
		1EFDE6781C2A972F00AA8C90 /* Info.plist */ = {isa = PBXFileReference; lastKnownFileType = text.plist.xml; path = Info.plist; sourceTree = "<group>"; };
		1EFDE67E1C2A9B6A00AA8C90 /* QYLanuchViewController.h */ = {isa = PBXFileReference; fileEncoding = 4; lastKnownFileType = sourcecode.c.h; path = QYLanuchViewController.h; sourceTree = "<group>"; };
		1EFDE67F1C2A9B6A00AA8C90 /* QYLanuchViewController.m */ = {isa = PBXFileReference; fileEncoding = 4; lastKnownFileType = sourcecode.c.objc; path = QYLanuchViewController.m; sourceTree = "<group>"; };
		1EFDE6821C2A9C2E00AA8C90 /* NSMutableString+TagReplace.h */ = {isa = PBXFileReference; fileEncoding = 4; lastKnownFileType = sourcecode.c.h; path = "NSMutableString+TagReplace.h"; sourceTree = "<group>"; };
		1EFDE6831C2A9C2E00AA8C90 /* NSMutableString+TagReplace.m */ = {isa = PBXFileReference; fileEncoding = 4; lastKnownFileType = sourcecode.c.objc; path = "NSMutableString+TagReplace.m"; sourceTree = "<group>"; };
		1EFDE6841C2A9C2E00AA8C90 /* NSString+WPAttributedMarkup.h */ = {isa = PBXFileReference; fileEncoding = 4; lastKnownFileType = sourcecode.c.h; path = "NSString+WPAttributedMarkup.h"; sourceTree = "<group>"; };
		1EFDE6851C2A9C2E00AA8C90 /* NSString+WPAttributedMarkup.m */ = {isa = PBXFileReference; fileEncoding = 4; lastKnownFileType = sourcecode.c.objc; path = "NSString+WPAttributedMarkup.m"; sourceTree = "<group>"; };
		1EFDE6881C2A9C6500AA8C90 /* UIViewExt.h */ = {isa = PBXFileReference; fileEncoding = 4; lastKnownFileType = sourcecode.c.h; path = UIViewExt.h; sourceTree = "<group>"; };
		1EFDE6891C2A9C6500AA8C90 /* UIViewExt.m */ = {isa = PBXFileReference; fileEncoding = 4; lastKnownFileType = sourcecode.c.objc; path = UIViewExt.m; sourceTree = "<group>"; };
/* End PBXFileReference section */

/* Begin PBXFrameworksBuildPhase section */
		1EFDE6611C2A972F00AA8C90 /* Frameworks */ = {
			isa = PBXFrameworksBuildPhase;
			buildActionMask = 2147483647;
			files = (
			);
			runOnlyForDeploymentPostprocessing = 0;
		};
/* End PBXFrameworksBuildPhase section */

/* Begin PBXGroup section */
		1EFDE65B1C2A972F00AA8C90 = {
			isa = PBXGroup;
			children = (
				1EFDE6661C2A972F00AA8C90 /* QYLaunchAnimation */,
				1EFDE6651C2A972F00AA8C90 /* Products */,
			);
			sourceTree = "<group>";
		};
		1EFDE6651C2A972F00AA8C90 /* Products */ = {
			isa = PBXGroup;
			children = (
				1EFDE6641C2A972F00AA8C90 /* QYLaunchAnimation.app */,
			);
			name = Products;
			sourceTree = "<group>";
		};
		1EFDE6661C2A972F00AA8C90 /* QYLaunchAnimation */ = {
			isa = PBXGroup;
			children = (
				1EFDE66A1C2A972F00AA8C90 /* AppDelegate.h */,
				1EFDE66B1C2A972F00AA8C90 /* AppDelegate.m */,
				1EFDE67E1C2A9B6A00AA8C90 /* QYLanuchViewController.h */,
				1EFDE67F1C2A9B6A00AA8C90 /* QYLanuchViewController.m */,
				1EFDE6701C2A972F00AA8C90 /* Main.storyboard */,
				1EFDE6731C2A972F00AA8C90 /* Assets.xcassets */,
				1EFDE6751C2A972F00AA8C90 /* LaunchScreen.storyboard */,
				1EFDE6781C2A972F00AA8C90 /* Info.plist */,
				1EFDE6881C2A9C6500AA8C90 /* UIViewExt.h */,
				1EFDE6891C2A9C6500AA8C90 /* UIViewExt.m */,
				1EFDE6811C2A9C2E00AA8C90 /* WPAttributedMarkup */,
				1EFDE6671C2A972F00AA8C90 /* Supporting Files */,
			);
			path = QYLaunchAnimation;
			sourceTree = "<group>";
		};
		1EFDE6671C2A972F00AA8C90 /* Supporting Files */ = {
			isa = PBXGroup;
			children = (
				1EFDE6681C2A972F00AA8C90 /* main.m */,
			);
			name = "Supporting Files";
			sourceTree = "<group>";
		};
		1EFDE6811C2A9C2E00AA8C90 /* WPAttributedMarkup */ = {
			isa = PBXGroup;
			children = (
				1EFDE6821C2A9C2E00AA8C90 /* NSMutableString+TagReplace.h */,
				1EFDE6831C2A9C2E00AA8C90 /* NSMutableString+TagReplace.m */,
				1EFDE6841C2A9C2E00AA8C90 /* NSString+WPAttributedMarkup.h */,
				1EFDE6851C2A9C2E00AA8C90 /* NSString+WPAttributedMarkup.m */,
			);
			path = WPAttributedMarkup;
			sourceTree = "<group>";
		};
/* End PBXGroup section */

/* Begin PBXNativeTarget section */
		1EFDE6631C2A972F00AA8C90 /* QYLaunchAnimation */ = {
			isa = PBXNativeTarget;
			buildConfigurationList = 1EFDE67B1C2A972F00AA8C90 /* Build configuration list for PBXNativeTarget "QYLaunchAnimation" */;
			buildPhases = (
				1EFDE6601C2A972F00AA8C90 /* Sources */,
				1EFDE6611C2A972F00AA8C90 /* Frameworks */,
				1EFDE6621C2A972F00AA8C90 /* Resources */,
			);
			buildRules = (
			);
			dependencies = (
			);
			name = QYLaunchAnimation;
			productName = QYLanuchAnimation;
			productReference = 1EFDE6641C2A972F00AA8C90 /* QYLaunchAnimation.app */;
			productType = "com.apple.product-type.application";
		};
/* End PBXNativeTarget section */

/* Begin PBXProject section */
		1EFDE65C1C2A972F00AA8C90 /* Project object */ = {
			isa = PBXProject;
			attributes = {
				LastUpgradeCheck = 0720;
				ORGANIZATIONNAME = qianye;
				TargetAttributes = {
					1EFDE6631C2A972F00AA8C90 = {
						CreatedOnToolsVersion = 7.2;
					};
				};
			};
			buildConfigurationList = 1EFDE65F1C2A972F00AA8C90 /* Build configuration list for PBXProject "QYLaunchAnimation" */;
			compatibilityVersion = "Xcode 3.2";
			developmentRegion = English;
			hasScannedForEncodings = 0;
			knownRegions = (
				en,
				Base,
			);
			mainGroup = 1EFDE65B1C2A972F00AA8C90;
			productRefGroup = 1EFDE6651C2A972F00AA8C90 /* Products */;
			projectDirPath = "";
			projectRoot = "";
			targets = (
				1EFDE6631C2A972F00AA8C90 /* QYLaunchAnimation */,
			);
		};
/* End PBXProject section */

/* Begin PBXResourcesBuildPhase section */
		1EFDE6621C2A972F00AA8C90 /* Resources */ = {
			isa = PBXResourcesBuildPhase;
			buildActionMask = 2147483647;
			files = (
				1EFDE6771C2A972F00AA8C90 /* LaunchScreen.storyboard in Resources */,
				1EFDE6741C2A972F00AA8C90 /* Assets.xcassets in Resources */,
				1EFDE6721C2A972F00AA8C90 /* Main.storyboard in Resources */,
			);
			runOnlyForDeploymentPostprocessing = 0;
		};
/* End PBXResourcesBuildPhase section */

/* Begin PBXSourcesBuildPhase section */
		1EFDE6601C2A972F00AA8C90 /* Sources */ = {
			isa = PBXSourcesBuildPhase;
			buildActionMask = 2147483647;
			files = (
				1EFDE6861C2A9C2E00AA8C90 /* NSMutableString+TagReplace.m in Sources */,
				1EFDE6801C2A9B6A00AA8C90 /* QYLanuchViewController.m in Sources */,
				1EFDE66C1C2A972F00AA8C90 /* AppDelegate.m in Sources */,
				1EFDE6691C2A972F00AA8C90 /* main.m in Sources */,
				1EFDE68A1C2A9C6500AA8C90 /* UIViewExt.m in Sources */,
				1EFDE6871C2A9C2E00AA8C90 /* NSString+WPAttributedMarkup.m in Sources */,
			);
			runOnlyForDeploymentPostprocessing = 0;
		};
/* End PBXSourcesBuildPhase section */

/* Begin PBXVariantGroup section */
		1EFDE6701C2A972F00AA8C90 /* Main.storyboard */ = {
			isa = PBXVariantGroup;
			children = (
				1EFDE6711C2A972F00AA8C90 /* Base */,
			);
			name = Main.storyboard;
			sourceTree = "<group>";
		};
		1EFDE6751C2A972F00AA8C90 /* LaunchScreen.storyboard */ = {
			isa = PBXVariantGroup;
			children = (
				1EFDE6761C2A972F00AA8C90 /* Base */,
			);
			name = LaunchScreen.storyboard;
			sourceTree = "<group>";
		};
/* End PBXVariantGroup section */

/* Begin XCBuildConfiguration section */
		1EFDE6791C2A972F00AA8C90 /* Debug */ = {
			isa = XCBuildConfiguration;
			buildSettings = {
				ALWAYS_SEARCH_USER_PATHS = NO;
				CLANG_CXX_LANGUAGE_STANDARD = "gnu++0x";
				CLANG_CXX_LIBRARY = "libc++";
				CLANG_ENABLE_MODULES = YES;
				CLANG_ENABLE_OBJC_ARC = YES;
				CLANG_WARN_BOOL_CONVERSION = YES;
				CLANG_WARN_CONSTANT_CONVERSION = YES;
				CLANG_WARN_DIRECT_OBJC_ISA_USAGE = YES_ERROR;
				CLANG_WARN_EMPTY_BODY = YES;
				CLANG_WARN_ENUM_CONVERSION = YES;
				CLANG_WARN_INT_CONVERSION = YES;
				CLANG_WARN_OBJC_ROOT_CLASS = YES_ERROR;
				CLANG_WARN_UNREACHABLE_CODE = YES;
				CLANG_WARN__DUPLICATE_METHOD_MATCH = YES;
				"CODE_SIGN_IDENTITY[sdk=iphoneos*]" = "iPhone Developer";
				COPY_PHASE_STRIP = NO;
				DEBUG_INFORMATION_FORMAT = dwarf;
				ENABLE_STRICT_OBJC_MSGSEND = YES;
				ENABLE_TESTABILITY = YES;
				GCC_C_LANGUAGE_STANDARD = gnu99;
				GCC_DYNAMIC_NO_PIC = NO;
				GCC_NO_COMMON_BLOCKS = YES;
				GCC_OPTIMIZATION_LEVEL = 0;
				GCC_PREPROCESSOR_DEFINITIONS = (
					"DEBUG=1",
					"$(inherited)",
				);
				GCC_WARN_64_TO_32_BIT_CONVERSION = YES;
				GCC_WARN_ABOUT_RETURN_TYPE = YES_ERROR;
				GCC_WARN_UNDECLARED_SELECTOR = YES;
				GCC_WARN_UNINITIALIZED_AUTOS = YES_AGGRESSIVE;
				GCC_WARN_UNUSED_FUNCTION = YES;
				GCC_WARN_UNUSED_VARIABLE = YES;
				IPHONEOS_DEPLOYMENT_TARGET = 9.2;
				MTL_ENABLE_DEBUG_INFO = YES;
				ONLY_ACTIVE_ARCH = YES;
				SDKROOT = iphoneos;
			};
			name = Debug;
		};
		1EFDE67A1C2A972F00AA8C90 /* Release */ = {
			isa = XCBuildConfiguration;
			buildSettings = {
				ALWAYS_SEARCH_USER_PATHS = NO;
				CLANG_CXX_LANGUAGE_STANDARD = "gnu++0x";
				CLANG_CXX_LIBRARY = "libc++";
				CLANG_ENABLE_MODULES = YES;
				CLANG_ENABLE_OBJC_ARC = YES;
				CLANG_WARN_BOOL_CONVERSION = YES;
				CLANG_WARN_CONSTANT_CONVERSION = YES;
				CLANG_WARN_DIRECT_OBJC_ISA_USAGE = YES_ERROR;
				CLANG_WARN_EMPTY_BODY = YES;
				CLANG_WARN_ENUM_CONVERSION = YES;
				CLANG_WARN_INT_CONVERSION = YES;
				CLANG_WARN_OBJC_ROOT_CLASS = YES_ERROR;
				CLANG_WARN_UNREACHABLE_CODE = YES;
				CLANG_WARN__DUPLICATE_METHOD_MATCH = YES;
				"CODE_SIGN_IDENTITY[sdk=iphoneos*]" = "iPhone Developer";
				COPY_PHASE_STRIP = NO;
				DEBUG_INFORMATION_FORMAT = "dwarf-with-dsym";
				ENABLE_NS_ASSERTIONS = NO;
				ENABLE_STRICT_OBJC_MSGSEND = YES;
				GCC_C_LANGUAGE_STANDARD = gnu99;
				GCC_NO_COMMON_BLOCKS = YES;
				GCC_WARN_64_TO_32_BIT_CONVERSION = YES;
				GCC_WARN_ABOUT_RETURN_TYPE = YES_ERROR;
				GCC_WARN_UNDECLARED_SELECTOR = YES;
				GCC_WARN_UNINITIALIZED_AUTOS = YES_AGGRESSIVE;
				GCC_WARN_UNUSED_FUNCTION = YES;
				GCC_WARN_UNUSED_VARIABLE = YES;
				IPHONEOS_DEPLOYMENT_TARGET = 9.2;
				MTL_ENABLE_DEBUG_INFO = NO;
				SDKROOT = iphoneos;
				VALIDATE_PRODUCT = YES;
			};
			name = Release;
		};
		1EFDE67C1C2A972F00AA8C90 /* Debug */ = {
			isa = XCBuildConfiguration;
			buildSettings = {
				ASSETCATALOG_COMPILER_APPICON_NAME = AppIcon;
				INFOPLIST_FILE = QYLaunchAnimation/Info.plist;
				LD_RUNPATH_SEARCH_PATHS = "$(inherited) @executable_path/Frameworks";
				PRODUCT_BUNDLE_IDENTIFIER = com.qianye.QYLaunchAnimation;
				PRODUCT_NAME = QYLaunchAnimation;
			};
			name = Debug;
		};
		1EFDE67D1C2A972F00AA8C90 /* Release */ = {
			isa = XCBuildConfiguration;
			buildSettings = {
				ASSETCATALOG_COMPILER_APPICON_NAME = AppIcon;
				INFOPLIST_FILE = QYLaunchAnimation/Info.plist;
				LD_RUNPATH_SEARCH_PATHS = "$(inherited) @executable_path/Frameworks";
				PRODUCT_BUNDLE_IDENTIFIER = com.qianye.QYLaunchAnimation;
				PRODUCT_NAME = QYLaunchAnimation;
			};
			name = Release;
		};
/* End XCBuildConfiguration section */

/* Begin XCConfigurationList section */
		1EFDE65F1C2A972F00AA8C90 /* Build configuration list for PBXProject "QYLaunchAnimation" */ = {
			isa = XCConfigurationList;
			buildConfigurations = (
				1EFDE6791C2A972F00AA8C90 /* Debug */,
				1EFDE67A1C2A972F00AA8C90 /* Release */,
			);
			defaultConfigurationIsVisible = 0;
			defaultConfigurationName = Release;
		};
		1EFDE67B1C2A972F00AA8C90 /* Build configuration list for PBXNativeTarget "QYLaunchAnimation" */ = {
			isa = XCConfigurationList;
			buildConfigurations = (
				1EFDE67C1C2A972F00AA8C90 /* Debug */,
				1EFDE67D1C2A972F00AA8C90 /* Release */,
			);
			defaultConfigurationIsVisible = 0;
			defaultConfigurationName = Release;
		};
/* End XCConfigurationList section */
	};
	rootObject = 1EFDE65C1C2A972F00AA8C90 /* Project object */;
}
